// !$*UTF8*$!
{
	archiveVersion = 1;
	classes = {
	};
	objectVersion = 56;
	objects = {

/* Begin PBXBuildFile section */
		A17449692A599F6D001926CE /* AviasalesTestApp.swift in Sources */ = {isa = PBXBuildFile; fileRef = A17449682A599F6D001926CE /* AviasalesTestApp.swift */; };
		A174496B2A599F6D001926CE /* MainView.swift in Sources */ = {isa = PBXBuildFile; fileRef = A174496A2A599F6D001926CE /* MainView.swift */; };
		A174496D2A599F6E001926CE /* Assets.xcassets in Resources */ = {isa = PBXBuildFile; fileRef = A174496C2A599F6E001926CE /* Assets.xcassets */; };
		A17449702A599F6E001926CE /* Preview Assets.xcassets in Resources */ = {isa = PBXBuildFile; fileRef = A174496F2A599F6E001926CE /* Preview Assets.xcassets */; };
		A174497A2A599F6F001926CE /* AviasalesTestTests.swift in Sources */ = {isa = PBXBuildFile; fileRef = A17449792A599F6F001926CE /* AviasalesTestTests.swift */; };
		A17449842A599F6F001926CE /* AviasalesTestUITests.swift in Sources */ = {isa = PBXBuildFile; fileRef = A17449832A599F6F001926CE /* AviasalesTestUITests.swift */; };
		A17449862A599F6F001926CE /* AviasalesTestUITestsLaunchTests.swift in Sources */ = {isa = PBXBuildFile; fileRef = A17449852A599F6F001926CE /* AviasalesTestUITestsLaunchTests.swift */; };
		A17449962A59A0E6001926CE /* HTTPClient.swift in Sources */ = {isa = PBXBuildFile; fileRef = A17449952A59A0E6001926CE /* HTTPClient.swift */; };
		A17449982A59A1AB001926CE /* EndpointScheme.swift in Sources */ = {isa = PBXBuildFile; fileRef = A17449972A59A1AB001926CE /* EndpointScheme.swift */; };
		A174499A2A59A210001926CE /* RequestError.swift in Sources */ = {isa = PBXBuildFile; fileRef = A17449992A59A210001926CE /* RequestError.swift */; };
		A174499C2A59A241001926CE /* RequestMethod.swift in Sources */ = {isa = PBXBuildFile; fileRef = A174499B2A59A241001926CE /* RequestMethod.swift */; };
		A17449A02A59A496001926CE /* Endpoints.swift in Sources */ = {isa = PBXBuildFile; fileRef = A174499F2A59A496001926CE /* Endpoints.swift */; };
		A17449A32A59AE07001926CE /* SearchService.swift in Sources */ = {isa = PBXBuildFile; fileRef = A17449A22A59AE07001926CE /* SearchService.swift */; };
		A17449A52A59AF11001926CE /* SearchDTO.swift in Sources */ = {isa = PBXBuildFile; fileRef = A17449A42A59AF11001926CE /* SearchDTO.swift */; };
		A17449A72A59B176001926CE /* MainViewModel.swift in Sources */ = {isa = PBXBuildFile; fileRef = A17449A62A59B176001926CE /* MainViewModel.swift */; };
		A17449AD2A59BB66001926CE /* DetailsView.swift in Sources */ = {isa = PBXBuildFile; fileRef = A17449AC2A59BB66001926CE /* DetailsView.swift */; };
		A17449B52A59E035001926CE /* SearchEnitity.swift in Sources */ = {isa = PBXBuildFile; fileRef = A17449B42A59E035001926CE /* SearchEnitity.swift */; };
		A17449B82A5AADA2001926CE /* DetailViewModel.swift in Sources */ = {isa = PBXBuildFile; fileRef = A17449B72A5AADA2001926CE /* DetailViewModel.swift */; };
		A17449BA2A5ADF7A001926CE /* SearchResultEntity.swift in Sources */ = {isa = PBXBuildFile; fileRef = A17449B92A5ADF7A001926CE /* SearchResultEntity.swift */; };
		A17449BE2A5B299C001926CE /* Components.swift in Sources */ = {isa = PBXBuildFile; fileRef = A17449BD2A5B299C001926CE /* Components.swift */; };
		A17449C02A5B29CA001926CE /* Date+.swift in Sources */ = {isa = PBXBuildFile; fileRef = A17449BF2A5B29CA001926CE /* Date+.swift */; };
		A17449C22A5B29E8001926CE /* String+.swift in Sources */ = {isa = PBXBuildFile; fileRef = A17449C12A5B29E8001926CE /* String+.swift */; };
		A17449C42A5B436A001926CE /* CityAndDateView.swift in Sources */ = {isa = PBXBuildFile; fileRef = A17449C32A5B436A001926CE /* CityAndDateView.swift */; };
		A17449C62A5B4394001926CE /* MainViewRow.swift in Sources */ = {isa = PBXBuildFile; fileRef = A17449C52A5B4394001926CE /* MainViewRow.swift */; };
		A17449C82A5B43F9001926CE /* ErrorView.swift in Sources */ = {isa = PBXBuildFile; fileRef = A17449C72A5B43F9001926CE /* ErrorView.swift */; };
		A17449CB2A5C439F001926CE /* UIColor+.swift in Sources */ = {isa = PBXBuildFile; fileRef = A17449CA2A5C439F001926CE /* UIColor+.swift */; };
		A17449CE2A5C4617001926CE /* SearchServiceInterface.swift in Sources */ = {isa = PBXBuildFile; fileRef = A17449CD2A5C4617001926CE /* SearchServiceInterface.swift */; };
/* End PBXBuildFile section */

/* Begin PBXContainerItemProxy section */
		A17449762A599F6F001926CE /* PBXContainerItemProxy */ = {
			isa = PBXContainerItemProxy;
			containerPortal = A174495D2A599F6D001926CE /* Project object */;
			proxyType = 1;
			remoteGlobalIDString = A17449642A599F6D001926CE;
			remoteInfo = AviasalesTest;
		};
		A17449802A599F6F001926CE /* PBXContainerItemProxy */ = {
			isa = PBXContainerItemProxy;
			containerPortal = A174495D2A599F6D001926CE /* Project object */;
			proxyType = 1;
			remoteGlobalIDString = A17449642A599F6D001926CE;
			remoteInfo = AviasalesTest;
		};
/* End PBXContainerItemProxy section */

/* Begin PBXFileReference section */
		A17449652A599F6D001926CE /* AviasalesTest.app */ = {isa = PBXFileReference; explicitFileType = wrapper.application; includeInIndex = 0; path = AviasalesTest.app; sourceTree = BUILT_PRODUCTS_DIR; };
		A17449682A599F6D001926CE /* AviasalesTestApp.swift */ = {isa = PBXFileReference; lastKnownFileType = sourcecode.swift; path = AviasalesTestApp.swift; sourceTree = "<group>"; };
		A174496A2A599F6D001926CE /* MainView.swift */ = {isa = PBXFileReference; lastKnownFileType = sourcecode.swift; path = MainView.swift; sourceTree = "<group>"; };
		A174496C2A599F6E001926CE /* Assets.xcassets */ = {isa = PBXFileReference; lastKnownFileType = folder.assetcatalog; path = Assets.xcassets; sourceTree = "<group>"; };
		A174496F2A599F6E001926CE /* Preview Assets.xcassets */ = {isa = PBXFileReference; lastKnownFileType = folder.assetcatalog; path = "Preview Assets.xcassets"; sourceTree = "<group>"; };
		A17449752A599F6F001926CE /* AviasalesTestTests.xctest */ = {isa = PBXFileReference; explicitFileType = wrapper.cfbundle; includeInIndex = 0; path = AviasalesTestTests.xctest; sourceTree = BUILT_PRODUCTS_DIR; };
		A17449792A599F6F001926CE /* AviasalesTestTests.swift */ = {isa = PBXFileReference; lastKnownFileType = sourcecode.swift; path = AviasalesTestTests.swift; sourceTree = "<group>"; };
		A174497F2A599F6F001926CE /* AviasalesTestUITests.xctest */ = {isa = PBXFileReference; explicitFileType = wrapper.cfbundle; includeInIndex = 0; path = AviasalesTestUITests.xctest; sourceTree = BUILT_PRODUCTS_DIR; };
		A17449832A599F6F001926CE /* AviasalesTestUITests.swift */ = {isa = PBXFileReference; lastKnownFileType = sourcecode.swift; path = AviasalesTestUITests.swift; sourceTree = "<group>"; };
		A17449852A599F6F001926CE /* AviasalesTestUITestsLaunchTests.swift */ = {isa = PBXFileReference; lastKnownFileType = sourcecode.swift; path = AviasalesTestUITestsLaunchTests.swift; sourceTree = "<group>"; };
		A17449952A59A0E6001926CE /* HTTPClient.swift */ = {isa = PBXFileReference; lastKnownFileType = sourcecode.swift; path = HTTPClient.swift; sourceTree = "<group>"; };
		A17449972A59A1AB001926CE /* EndpointScheme.swift */ = {isa = PBXFileReference; lastKnownFileType = sourcecode.swift; path = EndpointScheme.swift; sourceTree = "<group>"; };
		A17449992A59A210001926CE /* RequestError.swift */ = {isa = PBXFileReference; lastKnownFileType = sourcecode.swift; path = RequestError.swift; sourceTree = "<group>"; };
		A174499B2A59A241001926CE /* RequestMethod.swift */ = {isa = PBXFileReference; lastKnownFileType = sourcecode.swift; path = RequestMethod.swift; sourceTree = "<group>"; };
		A174499F2A59A496001926CE /* Endpoints.swift */ = {isa = PBXFileReference; lastKnownFileType = sourcecode.swift; path = Endpoints.swift; sourceTree = "<group>"; };
		A17449A22A59AE07001926CE /* SearchService.swift */ = {isa = PBXFileReference; lastKnownFileType = sourcecode.swift; path = SearchService.swift; sourceTree = "<group>"; };
		A17449A42A59AF11001926CE /* SearchDTO.swift */ = {isa = PBXFileReference; lastKnownFileType = sourcecode.swift; path = SearchDTO.swift; sourceTree = "<group>"; };
		A17449A62A59B176001926CE /* MainViewModel.swift */ = {isa = PBXFileReference; lastKnownFileType = sourcecode.swift; path = MainViewModel.swift; sourceTree = "<group>"; };
		A17449AC2A59BB66001926CE /* DetailsView.swift */ = {isa = PBXFileReference; lastKnownFileType = sourcecode.swift; path = DetailsView.swift; sourceTree = "<group>"; };
		A17449AE2A59C93F001926CE /* Info.plist */ = {isa = PBXFileReference; lastKnownFileType = text.plist; path = Info.plist; sourceTree = "<group>"; };
		A17449B42A59E035001926CE /* SearchEnitity.swift */ = {isa = PBXFileReference; lastKnownFileType = sourcecode.swift; path = SearchEnitity.swift; sourceTree = "<group>"; };
		A17449B72A5AADA2001926CE /* DetailViewModel.swift */ = {isa = PBXFileReference; lastKnownFileType = sourcecode.swift; path = DetailViewModel.swift; sourceTree = "<group>"; };
		A17449B92A5ADF7A001926CE /* SearchResultEntity.swift */ = {isa = PBXFileReference; lastKnownFileType = sourcecode.swift; path = SearchResultEntity.swift; sourceTree = "<group>"; };
		A17449BD2A5B299C001926CE /* Components.swift */ = {isa = PBXFileReference; lastKnownFileType = sourcecode.swift; path = Components.swift; sourceTree = "<group>"; };
		A17449BF2A5B29CA001926CE /* Date+.swift */ = {isa = PBXFileReference; lastKnownFileType = sourcecode.swift; path = "Date+.swift"; sourceTree = "<group>"; };
		A17449C12A5B29E8001926CE /* String+.swift */ = {isa = PBXFileReference; lastKnownFileType = sourcecode.swift; path = "String+.swift"; sourceTree = "<group>"; };
		A17449C32A5B436A001926CE /* CityAndDateView.swift */ = {isa = PBXFileReference; lastKnownFileType = sourcecode.swift; path = CityAndDateView.swift; sourceTree = "<group>"; };
		A17449C52A5B4394001926CE /* MainViewRow.swift */ = {isa = PBXFileReference; lastKnownFileType = sourcecode.swift; path = MainViewRow.swift; sourceTree = "<group>"; };
		A17449C72A5B43F9001926CE /* ErrorView.swift */ = {isa = PBXFileReference; lastKnownFileType = sourcecode.swift; path = ErrorView.swift; sourceTree = "<group>"; };
		A17449CA2A5C439F001926CE /* UIColor+.swift */ = {isa = PBXFileReference; lastKnownFileType = sourcecode.swift; path = "UIColor+.swift"; sourceTree = "<group>"; };
		A17449CD2A5C4617001926CE /* SearchServiceInterface.swift */ = {isa = PBXFileReference; lastKnownFileType = sourcecode.swift; path = SearchServiceInterface.swift; sourceTree = "<group>"; };
/* End PBXFileReference section */

/* Begin PBXFrameworksBuildPhase section */
		A17449622A599F6D001926CE /* Frameworks */ = {
			isa = PBXFrameworksBuildPhase;
			buildActionMask = 2147483647;
			files = (
			);
			runOnlyForDeploymentPostprocessing = 0;
		};
		A17449722A599F6F001926CE /* Frameworks */ = {
			isa = PBXFrameworksBuildPhase;
			buildActionMask = 2147483647;
			files = (
			);
			runOnlyForDeploymentPostprocessing = 0;
		};
		A174497C2A599F6F001926CE /* Frameworks */ = {
			isa = PBXFrameworksBuildPhase;
			buildActionMask = 2147483647;
			files = (
			);
			runOnlyForDeploymentPostprocessing = 0;
		};
/* End PBXFrameworksBuildPhase section */

/* Begin PBXGroup section */
		A174495C2A599F6D001926CE = {
			isa = PBXGroup;
			children = (
				A17449672A599F6D001926CE /* AviasalesTest */,
				A17449782A599F6F001926CE /* AviasalesTestTests */,
				A17449822A599F6F001926CE /* AviasalesTestUITests */,
				A17449662A599F6D001926CE /* Products */,
			);
			sourceTree = "<group>";
		};
		A17449662A599F6D001926CE /* Products */ = {
			isa = PBXGroup;
			children = (
				A17449652A599F6D001926CE /* AviasalesTest.app */,
				A17449752A599F6F001926CE /* AviasalesTestTests.xctest */,
				A174497F2A599F6F001926CE /* AviasalesTestUITests.xctest */,
			);
			name = Products;
			sourceTree = "<group>";
		};
		A17449672A599F6D001926CE /* AviasalesTest */ = {
			isa = PBXGroup;
			children = (
				A17449AE2A59C93F001926CE /* Info.plist */,
				A17449682A599F6D001926CE /* AviasalesTestApp.swift */,
				A17449922A59A032001926CE /* Data */,
				A17449942A59A05A001926CE /* Domain */,
				A17449A92A59BADA001926CE /* Presentation */,
				A17449B32A59DB25001926CE /* Extensions */,
				A174496C2A599F6E001926CE /* Assets.xcassets */,
				A174496E2A599F6E001926CE /* Preview Content */,
			);
			path = AviasalesTest;
			sourceTree = "<group>";
		};
		A174496E2A599F6E001926CE /* Preview Content */ = {
			isa = PBXGroup;
			children = (
				A174496F2A599F6E001926CE /* Preview Assets.xcassets */,
			);
			path = "Preview Content";
			sourceTree = "<group>";
		};
		A17449782A599F6F001926CE /* AviasalesTestTests */ = {
			isa = PBXGroup;
			children = (
				A17449792A599F6F001926CE /* AviasalesTestTests.swift */,
			);
			path = AviasalesTestTests;
			sourceTree = "<group>";
		};
		A17449822A599F6F001926CE /* AviasalesTestUITests */ = {
			isa = PBXGroup;
			children = (
				A17449832A599F6F001926CE /* AviasalesTestUITests.swift */,
				A17449852A599F6F001926CE /* AviasalesTestUITestsLaunchTests.swift */,
			);
			path = AviasalesTestUITests;
			sourceTree = "<group>";
		};
		A17449922A59A032001926CE /* Data */ = {
			isa = PBXGroup;
			children = (
				A17449BC2A5AE405001926CE /* API */,
				A17449B62A59E047001926CE /* DTOs */,
			);
			path = Data;
			sourceTree = "<group>";
		};
		A17449942A59A05A001926CE /* Domain */ = {
			isa = PBXGroup;
			children = (
				A17449CC2A5C45FE001926CE /* Services */,
				A17449B42A59E035001926CE /* SearchEnitity.swift */,
				A17449B92A5ADF7A001926CE /* SearchResultEntity.swift */,
			);
			path = Domain;
			sourceTree = "<group>";
		};
		A174499D2A59A264001926CE /* Base */ = {
			isa = PBXGroup;
			children = (
				A17449952A59A0E6001926CE /* HTTPClient.swift */,
				A17449972A59A1AB001926CE /* EndpointScheme.swift */,
				A17449992A59A210001926CE /* RequestError.swift */,
				A174499B2A59A241001926CE /* RequestMethod.swift */,
			);
			path = Base;
			sourceTree = "<group>";
		};
		A174499E2A59A477001926CE /* Endpoints */ = {
			isa = PBXGroup;
			children = (
				A174499F2A59A496001926CE /* Endpoints.swift */,
			);
			path = Endpoints;
			sourceTree = "<group>";
		};
		A17449A12A59ADC7001926CE /* Services */ = {
			isa = PBXGroup;
			children = (
				A17449A22A59AE07001926CE /* SearchService.swift */,
			);
			path = Services;
			sourceTree = "<group>";
		};
		A17449A82A59BAD1001926CE /* MainView */ = {
			isa = PBXGroup;
			children = (
				A174496A2A599F6D001926CE /* MainView.swift */,
				A17449C52A5B4394001926CE /* MainViewRow.swift */,
				A17449A62A59B176001926CE /* MainViewModel.swift */,
				A17449C32A5B436A001926CE /* CityAndDateView.swift */,
				A17449BB2A5ADFC5001926CE /* DetailsView */,
			);
			path = MainView;
			sourceTree = "<group>";
		};
		A17449A92A59BADA001926CE /* Presentation */ = {
			isa = PBXGroup;
			children = (
				A17449C92A5B509A001926CE /* Error */,
				A17449A82A59BAD1001926CE /* MainView */,
				A17449BD2A5B299C001926CE /* Components.swift */,
			);
			path = Presentation;
			sourceTree = "<group>";
		};
		A17449B32A59DB25001926CE /* Extensions */ = {
			isa = PBXGroup;
			children = (
				A17449C12A5B29E8001926CE /* String+.swift */,
				A17449BF2A5B29CA001926CE /* Date+.swift */,
				A17449CA2A5C439F001926CE /* UIColor+.swift */,
			);
			path = Extensions;
			sourceTree = "<group>";
		};
		A17449B62A59E047001926CE /* DTOs */ = {
			isa = PBXGroup;
			children = (
				A17449A42A59AF11001926CE /* SearchDTO.swift */,
			);
			path = DTOs;
			sourceTree = "<group>";
		};
		A17449BB2A5ADFC5001926CE /* DetailsView */ = {
			isa = PBXGroup;
			children = (
				A17449AC2A59BB66001926CE /* DetailsView.swift */,
				A17449B72A5AADA2001926CE /* DetailViewModel.swift */,
			);
			path = DetailsView;
			sourceTree = "<group>";
		};
		A17449BC2A5AE405001926CE /* API */ = {
			isa = PBXGroup;
			children = (
				A174499D2A59A264001926CE /* Base */,
				A174499E2A59A477001926CE /* Endpoints */,
				A17449A12A59ADC7001926CE /* Services */,
			);
			path = API;
			sourceTree = "<group>";
		};
		A17449C92A5B509A001926CE /* Error */ = {
			isa = PBXGroup;
			children = (
				A17449C72A5B43F9001926CE /* ErrorView.swift */,
			);
			path = Error;
			sourceTree = "<group>";
		};
		A17449CC2A5C45FE001926CE /* Services */ = {
			isa = PBXGroup;
			children = (
				A17449CD2A5C4617001926CE /* SearchServiceInterface.swift */,
			);
			path = Services;
			sourceTree = "<group>";
		};
/* End PBXGroup section */

/* Begin PBXNativeTarget section */
		A17449642A599F6D001926CE /* AviasalesTest */ = {
			isa = PBXNativeTarget;
			buildConfigurationList = A17449892A599F6F001926CE /* Build configuration list for PBXNativeTarget "AviasalesTest" */;
			buildPhases = (
				A17449612A599F6D001926CE /* Sources */,
				A17449622A599F6D001926CE /* Frameworks */,
				A17449632A599F6D001926CE /* Resources */,
			);
			buildRules = (
			);
			dependencies = (
			);
			name = AviasalesTest;
			productName = AviasalesTest;
			productReference = A17449652A599F6D001926CE /* AviasalesTest.app */;
			productType = "com.apple.product-type.application";
		};
		A17449742A599F6F001926CE /* AviasalesTestTests */ = {
			isa = PBXNativeTarget;
			buildConfigurationList = A174498C2A599F6F001926CE /* Build configuration list for PBXNativeTarget "AviasalesTestTests" */;
			buildPhases = (
				A17449712A599F6F001926CE /* Sources */,
				A17449722A599F6F001926CE /* Frameworks */,
				A17449732A599F6F001926CE /* Resources */,
			);
			buildRules = (
			);
			dependencies = (
				A17449772A599F6F001926CE /* PBXTargetDependency */,
			);
			name = AviasalesTestTests;
			productName = AviasalesTestTests;
			productReference = A17449752A599F6F001926CE /* AviasalesTestTests.xctest */;
			productType = "com.apple.product-type.bundle.unit-test";
		};
		A174497E2A599F6F001926CE /* AviasalesTestUITests */ = {
			isa = PBXNativeTarget;
			buildConfigurationList = A174498F2A599F6F001926CE /* Build configuration list for PBXNativeTarget "AviasalesTestUITests" */;
			buildPhases = (
				A174497B2A599F6F001926CE /* Sources */,
				A174497C2A599F6F001926CE /* Frameworks */,
				A174497D2A599F6F001926CE /* Resources */,
			);
			buildRules = (
			);
			dependencies = (
				A17449812A599F6F001926CE /* PBXTargetDependency */,
			);
			name = AviasalesTestUITests;
			productName = AviasalesTestUITests;
			productReference = A174497F2A599F6F001926CE /* AviasalesTestUITests.xctest */;
			productType = "com.apple.product-type.bundle.ui-testing";
		};
/* End PBXNativeTarget section */

/* Begin PBXProject section */
		A174495D2A599F6D001926CE /* Project object */ = {
			isa = PBXProject;
			attributes = {
				BuildIndependentTargetsInParallel = 1;
				LastSwiftUpdateCheck = 1420;
				LastUpgradeCheck = 1420;
				TargetAttributes = {
					A17449642A599F6D001926CE = {
						CreatedOnToolsVersion = 14.2;
					};
					A17449742A599F6F001926CE = {
						CreatedOnToolsVersion = 14.2;
						TestTargetID = A17449642A599F6D001926CE;
					};
					A174497E2A599F6F001926CE = {
						CreatedOnToolsVersion = 14.2;
						TestTargetID = A17449642A599F6D001926CE;
					};
				};
			};
			buildConfigurationList = A17449602A599F6D001926CE /* Build configuration list for PBXProject "AviasalesTest" */;
			compatibilityVersion = "Xcode 14.0";
			developmentRegion = en;
			hasScannedForEncodings = 0;
			knownRegions = (
				en,
				Base,
			);
			mainGroup = A174495C2A599F6D001926CE;
			productRefGroup = A17449662A599F6D001926CE /* Products */;
			projectDirPath = "";
			projectRoot = "";
			targets = (
				A17449642A599F6D001926CE /* AviasalesTest */,
				A17449742A599F6F001926CE /* AviasalesTestTests */,
				A174497E2A599F6F001926CE /* AviasalesTestUITests */,
			);
		};
/* End PBXProject section */

/* Begin PBXResourcesBuildPhase section */
		A17449632A599F6D001926CE /* Resources */ = {
			isa = PBXResourcesBuildPhase;
			buildActionMask = 2147483647;
			files = (
				A17449702A599F6E001926CE /* Preview Assets.xcassets in Resources */,
				A174496D2A599F6E001926CE /* Assets.xcassets in Resources */,
			);
			runOnlyForDeploymentPostprocessing = 0;
		};
		A17449732A599F6F001926CE /* Resources */ = {
			isa = PBXResourcesBuildPhase;
			buildActionMask = 2147483647;
			files = (
			);
			runOnlyForDeploymentPostprocessing = 0;
		};
		A174497D2A599F6F001926CE /* Resources */ = {
			isa = PBXResourcesBuildPhase;
			buildActionMask = 2147483647;
			files = (
			);
			runOnlyForDeploymentPostprocessing = 0;
		};
/* End PBXResourcesBuildPhase section */

/* Begin PBXSourcesBuildPhase section */
		A17449612A599F6D001926CE /* Sources */ = {
			isa = PBXSourcesBuildPhase;
			buildActionMask = 2147483647;
			files = (
				A174496B2A599F6D001926CE /* MainView.swift in Sources */,
				A17449BE2A5B299C001926CE /* Components.swift in Sources */,
				A17449BA2A5ADF7A001926CE /* SearchResultEntity.swift in Sources */,
				A17449A72A59B176001926CE /* MainViewModel.swift in Sources */,
				A174499A2A59A210001926CE /* RequestError.swift in Sources */,
				A17449CE2A5C4617001926CE /* SearchServiceInterface.swift in Sources */,
				A17449982A59A1AB001926CE /* EndpointScheme.swift in Sources */,
				A17449C02A5B29CA001926CE /* Date+.swift in Sources */,
				A17449A52A59AF11001926CE /* SearchDTO.swift in Sources */,
				A17449A02A59A496001926CE /* Endpoints.swift in Sources */,
				A17449AD2A59BB66001926CE /* DetailsView.swift in Sources */,
				A17449692A599F6D001926CE /* AviasalesTestApp.swift in Sources */,
				A17449C22A5B29E8001926CE /* String+.swift in Sources */,
				A17449C62A5B4394001926CE /* MainViewRow.swift in Sources */,
				A17449B82A5AADA2001926CE /* DetailViewModel.swift in Sources */,
				A17449A32A59AE07001926CE /* SearchService.swift in Sources */,
				A17449C82A5B43F9001926CE /* ErrorView.swift in Sources */,
				A17449B52A59E035001926CE /* SearchEnitity.swift in Sources */,
				A17449C42A5B436A001926CE /* CityAndDateView.swift in Sources */,
				A174499C2A59A241001926CE /* RequestMethod.swift in Sources */,
				A17449962A59A0E6001926CE /* HTTPClient.swift in Sources */,
				A17449CB2A5C439F001926CE /* UIColor+.swift in Sources */,
			);
			runOnlyForDeploymentPostprocessing = 0;
		};
		A17449712A599F6F001926CE /* Sources */ = {
			isa = PBXSourcesBuildPhase;
			buildActionMask = 2147483647;
			files = (
				A174497A2A599F6F001926CE /* AviasalesTestTests.swift in Sources */,
			);
			runOnlyForDeploymentPostprocessing = 0;
		};
		A174497B2A599F6F001926CE /* Sources */ = {
			isa = PBXSourcesBuildPhase;
			buildActionMask = 2147483647;
			files = (
				A17449862A599F6F001926CE /* AviasalesTestUITestsLaunchTests.swift in Sources */,
				A17449842A599F6F001926CE /* AviasalesTestUITests.swift in Sources */,
			);
			runOnlyForDeploymentPostprocessing = 0;
		};
/* End PBXSourcesBuildPhase section */

/* Begin PBXTargetDependency section */
		A17449772A599F6F001926CE /* PBXTargetDependency */ = {
			isa = PBXTargetDependency;
			target = A17449642A599F6D001926CE /* AviasalesTest */;
			targetProxy = A17449762A599F6F001926CE /* PBXContainerItemProxy */;
		};
		A17449812A599F6F001926CE /* PBXTargetDependency */ = {
			isa = PBXTargetDependency;
			target = A17449642A599F6D001926CE /* AviasalesTest */;
			targetProxy = A17449802A599F6F001926CE /* PBXContainerItemProxy */;
		};
/* End PBXTargetDependency section */

/* Begin XCBuildConfiguration section */
		A17449872A599F6F001926CE /* Debug */ = {
			isa = XCBuildConfiguration;
			buildSettings = {
				ALWAYS_SEARCH_USER_PATHS = NO;
				CLANG_ANALYZER_NONNULL = YES;
				CLANG_ANALYZER_NUMBER_OBJECT_CONVERSION = YES_AGGRESSIVE;
				CLANG_CXX_LANGUAGE_STANDARD = "gnu++20";
				CLANG_ENABLE_MODULES = YES;
				CLANG_ENABLE_OBJC_ARC = YES;
				CLANG_ENABLE_OBJC_WEAK = YES;
				CLANG_WARN_BLOCK_CAPTURE_AUTORELEASING = YES;
				CLANG_WARN_BOOL_CONVERSION = YES;
				CLANG_WARN_COMMA = YES;
				CLANG_WARN_CONSTANT_CONVERSION = YES;
				CLANG_WARN_DEPRECATED_OBJC_IMPLEMENTATIONS = YES;
				CLANG_WARN_DIRECT_OBJC_ISA_USAGE = YES_ERROR;
				CLANG_WARN_DOCUMENTATION_COMMENTS = YES;
				CLANG_WARN_EMPTY_BODY = YES;
				CLANG_WARN_ENUM_CONVERSION = YES;
				CLANG_WARN_INFINITE_RECURSION = YES;
				CLANG_WARN_INT_CONVERSION = YES;
				CLANG_WARN_NON_LITERAL_NULL_CONVERSION = YES;
				CLANG_WARN_OBJC_IMPLICIT_RETAIN_SELF = YES;
				CLANG_WARN_OBJC_LITERAL_CONVERSION = YES;
				CLANG_WARN_OBJC_ROOT_CLASS = YES_ERROR;
				CLANG_WARN_QUOTED_INCLUDE_IN_FRAMEWORK_HEADER = YES;
				CLANG_WARN_RANGE_LOOP_ANALYSIS = YES;
				CLANG_WARN_STRICT_PROTOTYPES = YES;
				CLANG_WARN_SUSPICIOUS_MOVE = YES;
				CLANG_WARN_UNGUARDED_AVAILABILITY = YES_AGGRESSIVE;
				CLANG_WARN_UNREACHABLE_CODE = YES;
				CLANG_WARN__DUPLICATE_METHOD_MATCH = YES;
				COPY_PHASE_STRIP = NO;
				DEBUG_INFORMATION_FORMAT = dwarf;
				ENABLE_STRICT_OBJC_MSGSEND = YES;
				ENABLE_TESTABILITY = YES;
				GCC_C_LANGUAGE_STANDARD = gnu11;
				GCC_DYNAMIC_NO_PIC = NO;
				GCC_NO_COMMON_BLOCKS = YES;
				GCC_OPTIMIZATION_LEVEL = 0;
				GCC_PREPROCESSOR_DEFINITIONS = (
					"DEBUG=1",
					"$(inherited)",
				);
				GCC_WARN_64_TO_32_BIT_CONVERSION = YES;
				GCC_WARN_ABOUT_RETURN_TYPE = YES_ERROR;
				GCC_WARN_UNDECLARED_SELECTOR = YES;
				GCC_WARN_UNINITIALIZED_AUTOS = YES_AGGRESSIVE;
				GCC_WARN_UNUSED_FUNCTION = YES;
				GCC_WARN_UNUSED_VARIABLE = YES;
				IPHONEOS_DEPLOYMENT_TARGET = 16.2;
				MTL_ENABLE_DEBUG_INFO = INCLUDE_SOURCE;
				MTL_FAST_MATH = YES;
				ONLY_ACTIVE_ARCH = YES;
				SDKROOT = iphoneos;
				SWIFT_ACTIVE_COMPILATION_CONDITIONS = DEBUG;
				SWIFT_OPTIMIZATION_LEVEL = "-Onone";
			};
			name = Debug;
		};
		A17449882A599F6F001926CE /* Release */ = {
			isa = XCBuildConfiguration;
			buildSettings = {
				ALWAYS_SEARCH_USER_PATHS = NO;
				CLANG_ANALYZER_NONNULL = YES;
				CLANG_ANALYZER_NUMBER_OBJECT_CONVERSION = YES_AGGRESSIVE;
				CLANG_CXX_LANGUAGE_STANDARD = "gnu++20";
				CLANG_ENABLE_MODULES = YES;
				CLANG_ENABLE_OBJC_ARC = YES;
				CLANG_ENABLE_OBJC_WEAK = YES;
				CLANG_WARN_BLOCK_CAPTURE_AUTORELEASING = YES;
				CLANG_WARN_BOOL_CONVERSION = YES;
				CLANG_WARN_COMMA = YES;
				CLANG_WARN_CONSTANT_CONVERSION = YES;
				CLANG_WARN_DEPRECATED_OBJC_IMPLEMENTATIONS = YES;
				CLANG_WARN_DIRECT_OBJC_ISA_USAGE = YES_ERROR;
				CLANG_WARN_DOCUMENTATION_COMMENTS = YES;
				CLANG_WARN_EMPTY_BODY = YES;
				CLANG_WARN_ENUM_CONVERSION = YES;
				CLANG_WARN_INFINITE_RECURSION = YES;
				CLANG_WARN_INT_CONVERSION = YES;
				CLANG_WARN_NON_LITERAL_NULL_CONVERSION = YES;
				CLANG_WARN_OBJC_IMPLICIT_RETAIN_SELF = YES;
				CLANG_WARN_OBJC_LITERAL_CONVERSION = YES;
				CLANG_WARN_OBJC_ROOT_CLASS = YES_ERROR;
				CLANG_WARN_QUOTED_INCLUDE_IN_FRAMEWORK_HEADER = YES;
				CLANG_WARN_RANGE_LOOP_ANALYSIS = YES;
				CLANG_WARN_STRICT_PROTOTYPES = YES;
				CLANG_WARN_SUSPICIOUS_MOVE = YES;
				CLANG_WARN_UNGUARDED_AVAILABILITY = YES_AGGRESSIVE;
				CLANG_WARN_UNREACHABLE_CODE = YES;
				CLANG_WARN__DUPLICATE_METHOD_MATCH = YES;
				COPY_PHASE_STRIP = NO;
				DEBUG_INFORMATION_FORMAT = "dwarf-with-dsym";
				ENABLE_NS_ASSERTIONS = NO;
				ENABLE_STRICT_OBJC_MSGSEND = YES;
				GCC_C_LANGUAGE_STANDARD = gnu11;
				GCC_NO_COMMON_BLOCKS = YES;
				GCC_WARN_64_TO_32_BIT_CONVERSION = YES;
				GCC_WARN_ABOUT_RETURN_TYPE = YES_ERROR;
				GCC_WARN_UNDECLARED_SELECTOR = YES;
				GCC_WARN_UNINITIALIZED_AUTOS = YES_AGGRESSIVE;
				GCC_WARN_UNUSED_FUNCTION = YES;
				GCC_WARN_UNUSED_VARIABLE = YES;
				IPHONEOS_DEPLOYMENT_TARGET = 16.2;
				MTL_ENABLE_DEBUG_INFO = NO;
				MTL_FAST_MATH = YES;
				SDKROOT = iphoneos;
				SWIFT_COMPILATION_MODE = wholemodule;
				SWIFT_OPTIMIZATION_LEVEL = "-O";
				VALIDATE_PRODUCT = YES;
			};
			name = Release;
		};
		A174498A2A599F6F001926CE /* Debug */ = {
			isa = XCBuildConfiguration;
			buildSettings = {
				ASSETCATALOG_COMPILER_APPICON_NAME = AppIcon;
				ASSETCATALOG_COMPILER_GLOBAL_ACCENT_COLOR_NAME = AccentColor;
				CODE_SIGN_STYLE = Automatic;
				CURRENT_PROJECT_VERSION = 1;
				DEVELOPMENT_ASSET_PATHS = "\"AviasalesTest/Preview Content\"";
				DEVELOPMENT_TEAM = 7C9XLK3ZF6;
				ENABLE_PREVIEWS = YES;
				GENERATE_INFOPLIST_FILE = YES;
				INFOPLIST_FILE = AviasalesTest/Info.plist;
				INFOPLIST_KEY_LSApplicationCategoryType = "";
				INFOPLIST_KEY_UIApplicationSceneManifest_Generation = YES;
				INFOPLIST_KEY_UIApplicationSupportsIndirectInputEvents = YES;
				INFOPLIST_KEY_UILaunchScreen_Generation = YES;
				INFOPLIST_KEY_UISupportedInterfaceOrientations = UIInterfaceOrientationPortrait;
				IPHONEOS_DEPLOYMENT_TARGET = 14.0;
				LD_RUNPATH_SEARCH_PATHS = (
					"$(inherited)",
					"@executable_path/Frameworks",
				);
				MARKETING_VERSION = 1.0;
				PRODUCT_BUNDLE_IDENTIFIER = kasdasda.AviasalesTest;
				PRODUCT_NAME = "$(TARGET_NAME)";
				SUPPORTED_PLATFORMS = "iphoneos iphonesimulator";
				SUPPORTS_MACCATALYST = NO;
				SUPPORTS_MAC_DESIGNED_FOR_IPHONE_IPAD = NO;
				SWIFT_EMIT_LOC_STRINGS = YES;
				SWIFT_VERSION = 5.0;
				TARGETED_DEVICE_FAMILY = 1;
			};
			name = Debug;
		};
		A174498B2A599F6F001926CE /* Release */ = {
			isa = XCBuildConfiguration;
			buildSettings = {
				ASSETCATALOG_COMPILER_APPICON_NAME = AppIcon;
				ASSETCATALOG_COMPILER_GLOBAL_ACCENT_COLOR_NAME = AccentColor;
				CODE_SIGN_STYLE = Automatic;
				CURRENT_PROJECT_VERSION = 1;
				DEVELOPMENT_ASSET_PATHS = "\"AviasalesTest/Preview Content\"";
				DEVELOPMENT_TEAM = 7C9XLK3ZF6;
				ENABLE_PREVIEWS = YES;
				GENERATE_INFOPLIST_FILE = YES;
				INFOPLIST_FILE = AviasalesTest/Info.plist;
				INFOPLIST_KEY_LSApplicationCategoryType = "";
				INFOPLIST_KEY_UIApplicationSceneManifest_Generation = YES;
				INFOPLIST_KEY_UIApplicationSupportsIndirectInputEvents = YES;
				INFOPLIST_KEY_UILaunchScreen_Generation = YES;
				INFOPLIST_KEY_UISupportedInterfaceOrientations = UIInterfaceOrientationPortrait;
				IPHONEOS_DEPLOYMENT_TARGET = 14.0;
				LD_RUNPATH_SEARCH_PATHS = (
					"$(inherited)",
					"@executable_path/Frameworks",
				);
				MARKETING_VERSION = 1.0;
				PRODUCT_BUNDLE_IDENTIFIER = kasdasda.AviasalesTest;
				PRODUCT_NAME = "$(TARGET_NAME)";
				SUPPORTED_PLATFORMS = "iphoneos iphonesimulator";
				SUPPORTS_MACCATALYST = NO;
				SUPPORTS_MAC_DESIGNED_FOR_IPHONE_IPAD = NO;
				SWIFT_EMIT_LOC_STRINGS = YES;
				SWIFT_VERSION = 5.0;
				TARGETED_DEVICE_FAMILY = 1;
			};
			name = Release;
		};
		A174498D2A599F6F001926CE /* Debug */ = {
			isa = XCBuildConfiguration;
			buildSettings = {
				ALWAYS_EMBED_SWIFT_STANDARD_LIBRARIES = YES;
				BUNDLE_LOADER = "$(TEST_HOST)";
				CODE_SIGN_STYLE = Automatic;
				CURRENT_PROJECT_VERSION = 1;
				DEVELOPMENT_TEAM = 7C9XLK3ZF6;
				GENERATE_INFOPLIST_FILE = YES;
				IPHONEOS_DEPLOYMENT_TARGET = 16.2;
				MARKETING_VERSION = 1.0;
				PRODUCT_BUNDLE_IDENTIFIER = kasdasda.AviasalesTestTests;
				PRODUCT_NAME = "$(TARGET_NAME)";
				SWIFT_EMIT_LOC_STRINGS = NO;
				SWIFT_VERSION = 5.0;
				TARGETED_DEVICE_FAMILY = "1,2";
				TEST_HOST = "$(BUILT_PRODUCTS_DIR)/AviasalesTest.app/$(BUNDLE_EXECUTABLE_FOLDER_PATH)/AviasalesTest";
			};
			name = Debug;
		};
		A174498E2A599F6F001926CE /* Release */ = {
			isa = XCBuildConfiguration;
			buildSettings = {
				ALWAYS_EMBED_SWIFT_STANDARD_LIBRARIES = YES;
				BUNDLE_LOADER = "$(TEST_HOST)";
				CODE_SIGN_STYLE = Automatic;
				CURRENT_PROJECT_VERSION = 1;
				DEVELOPMENT_TEAM = 7C9XLK3ZF6;
				GENERATE_INFOPLIST_FILE = YES;
				IPHONEOS_DEPLOYMENT_TARGET = 16.2;
				MARKETING_VERSION = 1.0;
				PRODUCT_BUNDLE_IDENTIFIER = kasdasda.AviasalesTestTests;
				PRODUCT_NAME = "$(TARGET_NAME)";
				SWIFT_EMIT_LOC_STRINGS = NO;
				SWIFT_VERSION = 5.0;
				TARGETED_DEVICE_FAMILY = "1,2";
				TEST_HOST = "$(BUILT_PRODUCTS_DIR)/AviasalesTest.app/$(BUNDLE_EXECUTABLE_FOLDER_PATH)/AviasalesTest";
			};
			name = Release;
		};
		A17449902A599F6F001926CE /* Debug */ = {
			isa = XCBuildConfiguration;
			buildSettings = {
				ALWAYS_EMBED_SWIFT_STANDARD_LIBRARIES = YES;
				CODE_SIGN_STYLE = Automatic;
				CURRENT_PROJECT_VERSION = 1;
				DEVELOPMENT_TEAM = 7C9XLK3ZF6;
				GENERATE_INFOPLIST_FILE = YES;
				MARKETING_VERSION = 1.0;
				PRODUCT_BUNDLE_IDENTIFIER = kasdasda.AviasalesTestUITests;
				PRODUCT_NAME = "$(TARGET_NAME)";
				SWIFT_EMIT_LOC_STRINGS = NO;
				SWIFT_VERSION = 5.0;
				TARGETED_DEVICE_FAMILY = "1,2";
				TEST_TARGET_NAME = AviasalesTest;
			};
			name = Debug;
		};
		A17449912A599F6F001926CE /* Release */ = {
			isa = XCBuildConfiguration;
			buildSettings = {
				ALWAYS_EMBED_SWIFT_STANDARD_LIBRARIES = YES;
				CODE_SIGN_STYLE = Automatic;
				CURRENT_PROJECT_VERSION = 1;
				DEVELOPMENT_TEAM = 7C9XLK3ZF6;
				GENERATE_INFOPLIST_FILE = YES;
				MARKETING_VERSION = 1.0;
				PRODUCT_BUNDLE_IDENTIFIER = kasdasda.AviasalesTestUITests;
				PRODUCT_NAME = "$(TARGET_NAME)";
				SWIFT_EMIT_LOC_STRINGS = NO;
				SWIFT_VERSION = 5.0;
				TARGETED_DEVICE_FAMILY = "1,2";
				TEST_TARGET_NAME = AviasalesTest;
			};
			name = Release;
		};
/* End XCBuildConfiguration section */

/* Begin XCConfigurationList section */
		A17449602A599F6D001926CE /* Build configuration list for PBXProject "AviasalesTest" */ = {
			isa = XCConfigurationList;
			buildConfigurations = (
				A17449872A599F6F001926CE /* Debug */,
				A17449882A599F6F001926CE /* Release */,
			);
			defaultConfigurationIsVisible = 0;
			defaultConfigurationName = Release;
		};
		A17449892A599F6F001926CE /* Build configuration list for PBXNativeTarget "AviasalesTest" */ = {
			isa = XCConfigurationList;
			buildConfigurations = (
				A174498A2A599F6F001926CE /* Debug */,
				A174498B2A599F6F001926CE /* Release */,
			);
			defaultConfigurationIsVisible = 0;
			defaultConfigurationName = Release;
		};
		A174498C2A599F6F001926CE /* Build configuration list for PBXNativeTarget "AviasalesTestTests" */ = {
			isa = XCConfigurationList;
			buildConfigurations = (
				A174498D2A599F6F001926CE /* Debug */,
				A174498E2A599F6F001926CE /* Release */,
			);
			defaultConfigurationIsVisible = 0;
			defaultConfigurationName = Release;
		};
		A174498F2A599F6F001926CE /* Build configuration list for PBXNativeTarget "AviasalesTestUITests" */ = {
			isa = XCConfigurationList;
			buildConfigurations = (
				A17449902A599F6F001926CE /* Debug */,
				A17449912A599F6F001926CE /* Release */,
			);
			defaultConfigurationIsVisible = 0;
			defaultConfigurationName = Release;
		};
/* End XCConfigurationList section */
	};
	rootObject = A174495D2A599F6D001926CE /* Project object */;
}
